
Microsoft Visual Studio Solution File, Format Version 12.00
# Visual Studio 15
VisualStudioVersion = 15.0.27130.2010
MinimumVisualStudioVersion = 10.0.40219.1
Project("{FAE04EC0-301F-11D3-BF4B-00C04F79EFBC}") = "PruebaGit", "PruebaGit\PruebaGit.csproj", "{8953F97A-F5C2-4C82-9D9E-D6D2F53C7E1B}"
EndProject
Global
	GlobalSection(SolutionConfigurationPlatforms) = preSolution
		Debug|Any CPU = Debug|Any CPU
		Release|Any CPU = Release|Any CPU
	EndGlobalSection
	GlobalSection(ProjectConfigurationPlatforms) = postSolution
		{8953F97A-F5C2-4C82-9D9E-D6D2F53C7E1B}.Debug|Any CPU.ActiveCfg = Debug|Any CPU
		{8953F97A-F5C2-4C82-9D9E-D6D2F53C7E1B}.Debug|Any CPU.Build.0 = Debug|Any CPU
		{8953F97A-F5C2-4C82-9D9E-D6D2F53C7E1B}.Release|Any CPU.ActiveCfg = Release|Any CPU
		{8953F97A-F5C2-4C82-9D9E-D6D2F53C7E1B}.Release|Any CPU.Build.0 = Release|Any CPU
	EndGlobalSection
	GlobalSection(SolutionProperties) = preSolution
		HideSolutionNode = FALSE
	EndGlobalSection
	GlobalSection(ExtensibilityGlobals) = postSolution
		SolutionGuid = {0B6FCBF4-33E3-4EED-81F1-AD3346D3F0FF}
	EndGlobalSection
EndGlobal
